
Microsoft Visual Studio Solution File, Format Version 12.00
# Visual Studio Version 17
VisualStudioVersion = 17.6.33815.320
MinimumVisualStudioVersion = 10.0.40219.1
Project("{9A19103F-16F7-4668-BE54-9A1E7A4F7556}") = "WorldCities.Api", "WorldCities.Api\WorldCities.Api.csproj", "{24A8A311-D17E-469E-B0CA-05F57BCA1E8F}"
EndProject
Project("{9A19103F-16F7-4668-BE54-9A1E7A4F7556}") = "WorldCities.Core", "WorldCities.Core\WorldCities.Core.csproj", "{C51C28AC-B245-4D08-A5F1-1731F1D2B40D}"
EndProject
Project("{9A19103F-16F7-4668-BE54-9A1E7A4F7556}") = "WorldCities.Infrastructure", "WorldCities.Infrastructure\WorldCities.Infrastructure.csproj", "{EFC50987-A1AE-48AC-915A-177F7AE2827B}"
EndProject
Global
	GlobalSection(SolutionConfigurationPlatforms) = preSolution
		Debug|Any CPU = Debug|Any CPU
		Release|Any CPU = Release|Any CPU
	EndGlobalSection
	GlobalSection(ProjectConfigurationPlatforms) = postSolution
		{24A8A311-D17E-469E-B0CA-05F57BCA1E8F}.Debug|Any CPU.ActiveCfg = Debug|Any CPU
		{24A8A311-D17E-469E-B0CA-05F57BCA1E8F}.Debug|Any CPU.Build.0 = Debug|Any CPU
		{24A8A311-D17E-469E-B0CA-05F57BCA1E8F}.Release|Any CPU.ActiveCfg = Release|Any CPU
		{24A8A311-D17E-469E-B0CA-05F57BCA1E8F}.Release|Any CPU.Build.0 = Release|Any CPU
		{C51C28AC-B245-4D08-A5F1-1731F1D2B40D}.Debug|Any CPU.ActiveCfg = Debug|Any CPU
		{C51C28AC-B245-4D08-A5F1-1731F1D2B40D}.Debug|Any CPU.Build.0 = Debug|Any CPU
		{C51C28AC-B245-4D08-A5F1-1731F1D2B40D}.Release|Any CPU.ActiveCfg = Release|Any CPU
		{C51C28AC-B245-4D08-A5F1-1731F1D2B40D}.Release|Any CPU.Build.0 = Release|Any CPU
		{EFC50987-A1AE-48AC-915A-177F7AE2827B}.Debug|Any CPU.ActiveCfg = Debug|Any CPU
		{EFC50987-A1AE-48AC-915A-177F7AE2827B}.Debug|Any CPU.Build.0 = Debug|Any CPU
		{EFC50987-A1AE-48AC-915A-177F7AE2827B}.Release|Any CPU.ActiveCfg = Release|Any CPU
		{EFC50987-A1AE-48AC-915A-177F7AE2827B}.Release|Any CPU.Build.0 = Release|Any CPU
	EndGlobalSection
	GlobalSection(SolutionProperties) = preSolution
		HideSolutionNode = FALSE
	EndGlobalSection
	GlobalSection(ExtensibilityGlobals) = postSolution
		SolutionGuid = {EE93A527-6E3B-409A-A55C-4AAA7ECCF051}
	EndGlobalSection
EndGlobal
